{
  "name": "indexer",
  "lockfileVersion": 3,
  "requires": true,
  "packages": {
    "": {
      "dependencies": {
        "@elastic/elasticsearch": "^8.15.0"
      },
      "devDependencies": {
        "@types/express": "^4.17.21",
        "@types/node": "^22.5.1"
      }
    },
    "node_modules/@elastic/elasticsearch": {
      "version": "8.15.0",
      "resolved": "https://registry.npmjs.org/@elastic/elasticsearch/-/elasticsearch-8.15.0.tgz",
      "integrity": "sha512-mG90EMdTDoT6GFSdqpUAhWK9LGuiJo6tOWqs0Usd/t15mPQDj7ZqHXfCBqNkASZpwPZpbAYVjd57S6nbUBINCg==",
      "license": "Apache-2.0",
      "dependencies": {
        "@elastic/transport": "^8.7.0",
        "tslib": "^2.4.0"
      },
      "engines": {
        "node": ">=18"
      }
    },
    "node_modules/@elastic/transport": {
      "version": "8.7.1",
      "resolved": "https://registry.npmjs.org/@elastic/transport/-/transport-8.7.1.tgz",
      "integrity": "sha512-2eeMVkz57Ayxv+UAZkIKzzrUu7nm96jr3+N3kLfbBqALYe2jwDpLr9pR0jc/x9HyJKAM909YGaNlHFDZeb0+Mw==",
      "license": "Apache-2.0",
      "dependencies": {
        "@opentelemetry/api": "1.x",
        "debug": "^4.3.4",
        "hpagent": "^1.0.0",
        "ms": "^2.1.3",
        "secure-json-parse": "^2.4.0",
        "tslib": "^2.4.0",
        "undici": "^6.12.0"
      },
      "engines": {
        "node": ">=18"
      }
    },
    "node_modules/@opentelemetry/api": {
      "version": "1.9.0",
      "resolved": "https://registry.npmjs.org/@opentelemetry/api/-/api-1.9.0.tgz",
      "integrity": "sha512-3giAOQvZiH5F9bMlMiv8+GSPMeqg0dbaeo58/0SlA9sxSqZhnUtxzX9/2FzyhS9sWQf5S0GJE0AKBrFqjpeYcg==",
      "license": "Apache-2.0",
      "engines": {
        "node": ">=8.0.0"
      }
    },
    "node_modules/@types/body-parser": {
      "version": "1.19.5",
      "resolved": "https://registry.npmjs.org/@types/body-parser/-/body-parser-1.19.5.tgz",
      "integrity": "sha512-fB3Zu92ucau0iQ0JMCFQE7b/dv8Ot07NI3KaZIkIUNXq82k4eBAqUaneXfleGY9JWskeS9y+u0nXMyspcuQrCg==",
      "dev": true,
      "license": "MIT",
      "dependencies": {
        "@types/connect": "*",
        "@types/node": "*"
      }
    },
    "node_modules/@types/connect": {
      "version": "3.4.38",
      "resolved": "https://registry.npmjs.org/@types/connect/-/connect-3.4.38.tgz",
      "integrity": "sha512-K6uROf1LD88uDQqJCktA4yzL1YYAK6NgfsI0v/mTgyPKWsX1CnJ0XPSDhViejru1GcRkLWb8RlzFYJRqGUbaug==",
      "dev": true,
      "license": "MIT",
      "dependencies": {
        "@types/node": "*"
      }
    },
    "node_modules/@types/express": {
      "version": "4.17.21",
      "resolved": "https://registry.npmjs.org/@types/express/-/express-4.17.21.tgz",
      "integrity": "sha512-ejlPM315qwLpaQlQDTjPdsUFSc6ZsP4AN6AlWnogPjQ7CVi7PYF3YVz+CY3jE2pwYf7E/7HlDAN0rV2GxTG0HQ==",
      "dev": true,
      "license": "MIT",
      "dependencies": {
        "@types/body-parser": "*",
        "@types/express-serve-static-core": "^4.17.33",
        "@types/qs": "*",
        "@types/serve-static": "*"
      }
    },
    "node_modules/@types/express-serve-static-core": {
      "version": "4.19.5",
      "resolved": "https://registry.npmjs.org/@types/express-serve-static-core/-/express-serve-static-core-4.19.5.tgz",
      "integrity": "sha512-y6W03tvrACO72aijJ5uF02FRq5cgDR9lUxddQ8vyF+GvmjJQqbzDcJngEjURc+ZsG31VI3hODNZJ2URj86pzmg==",
      "dev": true,
      "license": "MIT",
      "dependencies": {
        "@types/node": "*",
        "@types/qs": "*",
        "@types/range-parser": "*",
        "@types/send": "*"
      }
    },
    "node_modules/@types/http-errors": {
      "version": "2.0.4",
      "resolved": "https://registry.npmjs.org/@types/http-errors/-/http-errors-2.0.4.tgz",
      "integrity": "sha512-D0CFMMtydbJAegzOyHjtiKPLlvnm3iTZyZRSZoLq2mRhDdmLfIWOCYPfQJ4cu2erKghU++QvjcUjp/5h7hESpA==",
      "dev": true,
      "license": "MIT"
    },
    "node_modules/@types/mime": {
      "version": "1.3.5",
      "resolved": "https://registry.npmjs.org/@types/mime/-/mime-1.3.5.tgz",
      "integrity": "sha512-/pyBZWSLD2n0dcHE3hq8s8ZvcETHtEuF+3E7XVt0Ig2nvsVQXdghHVcEkIWjy9A0wKfTn97a/PSDYohKIlnP/w==",
      "dev": true,
      "license": "MIT"
    },
    "node_modules/@types/node": {
      "version": "22.5.1",
      "resolved": "https://registry.npmjs.org/@types/node/-/node-22.5.1.tgz",
      "integrity": "sha512-KkHsxej0j9IW1KKOOAA/XBA0z08UFSrRQHErzEfA3Vgq57eXIMYboIlHJuYIfd+lwCQjtKqUu3UnmKbtUc9yRw==",
      "dev": true,
      "license": "MIT",
      "dependencies": {
        "undici-types": "~6.19.2"
      }
    },
    "node_modules/@types/qs": {
      "version": "6.9.15",
      "resolved": "https://registry.npmjs.org/@types/qs/-/qs-6.9.15.tgz",
      "integrity": "sha512-uXHQKES6DQKKCLh441Xv/dwxOq1TVS3JPUMlEqoEglvlhR6Mxnlew/Xq/LRVHpLyk7iK3zODe1qYHIMltO7XGg==",
      "dev": true,
      "license": "MIT"
    },
    "node_modules/@types/range-parser": {
      "version": "1.2.7",
      "resolved": "https://registry.npmjs.org/@types/range-parser/-/range-parser-1.2.7.tgz",
      "integrity": "sha512-hKormJbkJqzQGhziax5PItDUTMAM9uE2XXQmM37dyd4hVM+5aVl7oVxMVUiVQn2oCQFN/LKCZdvSM0pFRqbSmQ==",
      "dev": true,
      "license": "MIT"
    },
    "node_modules/@types/send": {
      "version": "0.17.4",
      "resolved": "https://registry.npmjs.org/@types/send/-/send-0.17.4.tgz",
      "integrity": "sha512-x2EM6TJOybec7c52BX0ZspPodMsQUd5L6PRwOunVyVUhXiBSKf3AezDL8Dgvgt5o0UfKNfuA0eMLr2wLT4AiBA==",
      "dev": true,
      "license": "MIT",
      "dependencies": {
        "@types/mime": "^1",
        "@types/node": "*"
      }
    },
    "node_modules/@types/serve-static": {
      "version": "1.15.7",
      "resolved": "https://registry.npmjs.org/@types/serve-static/-/serve-static-1.15.7.tgz",
      "integrity": "sha512-W8Ym+h8nhuRwaKPaDw34QUkwsGi6Rc4yYqvKFo5rm2FUEhCFbzVWrxXUxuKK8TASjWsysJY0nsmNCGhCOIsrOw==",
      "dev": true,
      "license": "MIT",
      "dependencies": {
        "@types/http-errors": "*",
        "@types/node": "*",
        "@types/send": "*"
      }
    },
    "node_modules/debug": {
      "version": "4.3.6",
      "resolved": "https://registry.npmjs.org/debug/-/debug-4.3.6.tgz",
      "integrity": "sha512-O/09Bd4Z1fBrU4VzkhFqVgpPzaGbw6Sm9FEkBT1A/YBXQFGuuSxa1dN2nxgxS34JmKXqYx8CZAwEVoJFImUXIg==",
      "license": "MIT",
      "dependencies": {
        "ms": "2.1.2"
      },
      "engines": {
        "node": ">=6.0"
      },
      "peerDependenciesMeta": {
        "supports-color": {
          "optional": true
        }
      }
    },
    "node_modules/debug/node_modules/ms": {
      "version": "2.1.2",
      "resolved": "https://registry.npmjs.org/ms/-/ms-2.1.2.tgz",
      "integrity": "sha512-sGkPx+VjMtmA6MX27oA4FBFELFCZZ4S4XqeGOXCv68tT+jb3vk/RyaKWP0PTKyWtmLSM0b+adUTEvbs1PEaH2w==",
      "license": "MIT"
    },
    "node_modules/hpagent": {
      "version": "1.2.0",
      "resolved": "https://registry.npmjs.org/hpagent/-/hpagent-1.2.0.tgz",
      "integrity": "sha512-A91dYTeIB6NoXG+PxTQpCCDDnfHsW9kc06Lvpu1TEe9gnd6ZFeiBoRO9JvzEv6xK7EX97/dUE8g/vBMTqTS3CA==",
      "license": "MIT",
      "engines": {
        "node": ">=14"
      }
    },
    "node_modules/ms": {
      "version": "2.1.3",
      "resolved": "https://registry.npmjs.org/ms/-/ms-2.1.3.tgz",
      "integrity": "sha512-6FlzubTLZG3J2a/NVCAleEhjzq5oxgHyaCU9yYXvcLsvoVaHJq/s5xXI6/XXP6tz7R9xAOtHnSO/tXtF3WRTlA==",
      "license": "MIT"
    },
    "node_modules/secure-json-parse": {
      "version": "2.7.0",
      "resolved": "https://registry.npmjs.org/secure-json-parse/-/secure-json-parse-2.7.0.tgz",
      "integrity": "sha512-6aU+Rwsezw7VR8/nyvKTx8QpWH9FrcYiXXlqC4z5d5XQBDRqtbfsRjnwGyqbi3gddNtWHuEk9OANUotL26qKUw==",
      "license": "BSD-3-Clause"
    },
    "node_modules/tslib": {
      "version": "2.7.0",
      "resolved": "https://registry.npmjs.org/tslib/-/tslib-2.7.0.tgz",
      "integrity": "sha512-gLXCKdN1/j47AiHiOkJN69hJmcbGTHI0ImLmbYLHykhgeN0jVGola9yVjFgzCUklsZQMW55o+dW7IXv3RCXDzA==",
      "license": "0BSD"
    },
    "node_modules/undici": {
      "version": "6.19.8",
      "resolved": "https://registry.npmjs.org/undici/-/undici-6.19.8.tgz",
      "integrity": "sha512-U8uCCl2x9TK3WANvmBavymRzxbfFYG+tAu+fgx3zxQy3qdagQqBLwJVrdyO1TBfUXvfKveMKJZhpvUYoOjM+4g==",
      "license": "MIT",
      "engines": {
        "node": ">=18.17"
      }
    },
    "node_modules/undici-types": {
      "version": "6.19.8",
      "resolved": "https://registry.npmjs.org/undici-types/-/undici-types-6.19.8.tgz",
      "integrity": "sha512-ve2KP6f/JnbPBFyobGHuerC9g1FYGn/F8n1LWTwNxCEzd6IfqTwUQcNXgEtmmQ6DlRrC1hrSrBnCZPokRrDHjw==",
      "dev": true,
      "license": "MIT"
    }
  }
}
